
Microsoft Visual Studio Solution File, Format Version 12.00
# Visual Studio 15
VisualStudioVersion = 15.0.28307.645
MinimumVisualStudioVersion = 10.0.40219.1
Project("{FAE04EC0-301F-11D3-BF4B-00C04F79EFBC}") = "Demo1_StaricaseClimbing", "Demo1_StaricaseClimbing\Demo1_StaricaseClimbing.csproj", "{5E398581-4BBA-4BA4-80C4-233E417E9BA8}"
EndProject
Global
	GlobalSection(Performance) = preSolution
		HasPerformanceSessions = true
	EndGlobalSection
	GlobalSection(SolutionConfigurationPlatforms) = preSolution
		Debug|Any CPU = Debug|Any CPU
		Release|Any CPU = Release|Any CPU
	EndGlobalSection
	GlobalSection(ProjectConfigurationPlatforms) = postSolution
		{5E398581-4BBA-4BA4-80C4-233E417E9BA8}.Debug|Any CPU.ActiveCfg = Debug|Any CPU
		{5E398581-4BBA-4BA4-80C4-233E417E9BA8}.Debug|Any CPU.Build.0 = Debug|Any CPU
		{5E398581-4BBA-4BA4-80C4-233E417E9BA8}.Release|Any CPU.ActiveCfg = Release|Any CPU
		{5E398581-4BBA-4BA4-80C4-233E417E9BA8}.Release|Any CPU.Build.0 = Release|Any CPU
	EndGlobalSection
	GlobalSection(SolutionProperties) = preSolution
		HideSolutionNode = FALSE
	EndGlobalSection
	GlobalSection(ExtensibilityGlobals) = postSolution
		SolutionGuid = {6DEB72D6-7EEE-4CE5-8051-1E6B77BB1804}
	EndGlobalSection
EndGlobal
